
Microsoft Visual Studio Solution File, Format Version 12.00
# Visual Studio Version 17
VisualStudioVersion = 17.13.35919.96
MinimumVisualStudioVersion = 10.0.40219.1
Project("{FAE04EC0-301F-11D3-BF4B-00C04F79EFBC}") = "StageTracker.WPF", "StageTracker\StageTracker.WPF.csproj", "{DB493F75-CE47-8A48-8795-445219798EDD}"
EndProject
Project("{FAE04EC0-301F-11D3-BF4B-00C04F79EFBC}") = "StageTracker.API", "StageTrackerAPI\StageTracker.API.csproj", "{239DA2D3-3F79-352F-9538-0D682E19B4E8}"
EndProject
Project("{FAE04EC0-301F-11D3-BF4B-00C04F79EFBC}") = "StageTracker.Web", "StageTracker.Web\StageTracker.Web.csproj", "{0282E805-4F3E-4443-836B-541D39E749F5}"
EndProject
Project("{FAE04EC0-301F-11D3-BF4B-00C04F79EFBC}") = "StageTracker.Shared", "StageTracker.Shared\StageTracker.Shared.csproj", "{A1977F6D-81F8-4560-BC99-77523FDA6BCB}"
EndProject
Global
	GlobalSection(SolutionConfigurationPlatforms) = preSolution
		Debug|Any CPU = Debug|Any CPU
		Release|Any CPU = Release|Any CPU
	EndGlobalSection
	GlobalSection(ProjectConfigurationPlatforms) = postSolution
		{DB493F75-CE47-8A48-8795-445219798EDD}.Debug|Any CPU.ActiveCfg = Debug|Any CPU
		{DB493F75-CE47-8A48-8795-445219798EDD}.Debug|Any CPU.Build.0 = Debug|Any CPU
		{DB493F75-CE47-8A48-8795-445219798EDD}.Release|Any CPU.ActiveCfg = Release|Any CPU
		{DB493F75-CE47-8A48-8795-445219798EDD}.Release|Any CPU.Build.0 = Release|Any CPU
		{239DA2D3-3F79-352F-9538-0D682E19B4E8}.Debug|Any CPU.ActiveCfg = Debug|Any CPU
		{239DA2D3-3F79-352F-9538-0D682E19B4E8}.Debug|Any CPU.Build.0 = Debug|Any CPU
		{239DA2D3-3F79-352F-9538-0D682E19B4E8}.Release|Any CPU.ActiveCfg = Release|Any CPU
		{239DA2D3-3F79-352F-9538-0D682E19B4E8}.Release|Any CPU.Build.0 = Release|Any CPU
		{0282E805-4F3E-4443-836B-541D39E749F5}.Debug|Any CPU.ActiveCfg = Debug|Any CPU
		{0282E805-4F3E-4443-836B-541D39E749F5}.Debug|Any CPU.Build.0 = Debug|Any CPU
		{0282E805-4F3E-4443-836B-541D39E749F5}.Release|Any CPU.ActiveCfg = Release|Any CPU
		{0282E805-4F3E-4443-836B-541D39E749F5}.Release|Any CPU.Build.0 = Release|Any CPU
		{A1977F6D-81F8-4560-BC99-77523FDA6BCB}.Debug|Any CPU.ActiveCfg = Debug|Any CPU
		{A1977F6D-81F8-4560-BC99-77523FDA6BCB}.Debug|Any CPU.Build.0 = Debug|Any CPU
		{A1977F6D-81F8-4560-BC99-77523FDA6BCB}.Release|Any CPU.ActiveCfg = Release|Any CPU
		{A1977F6D-81F8-4560-BC99-77523FDA6BCB}.Release|Any CPU.Build.0 = Release|Any CPU
	EndGlobalSection
	GlobalSection(SolutionProperties) = preSolution
		HideSolutionNode = FALSE
	EndGlobalSection
	GlobalSection(ExtensibilityGlobals) = postSolution
		SolutionGuid = {BC12292C-BADC-4188-9777-0FCE3C2DF52C}
	EndGlobalSection
EndGlobal
